
Microsoft Visual Studio Solution File, Format Version 12.00
# Visual Studio Version 17
VisualStudioVersion = 17.0.32014.148
MinimumVisualStudioVersion = 10.0.40219.1
Project("{FAE04EC0-301F-11D3-BF4B-00C04F79EFBC}") = "01_TypesAndVariables", "01_TypesAndVariables\01_TypesAndVariables.csproj", "{8E6A1701-F8E1-4566-A878-E15B48F74A95}"
EndProject
Project("{FAE04EC0-301F-11D3-BF4B-00C04F79EFBC}") = "02_Operators", "02_Operators\02_Operators.csproj", "{84EE4A5B-39EE-48B6-9CE9-2C2AB975652C}"
EndProject
Project("{FAE04EC0-301F-11D3-BF4B-00C04F79EFBC}") = "03_Conditionals", "03_Conditionals\03_Conditionals.csproj", "{1208A151-E9F8-4D77-9470-E75388C377D2}"
EndProject
Project("{FAE04EC0-301F-11D3-BF4B-00C04F79EFBC}") = "04_Loops", "04_Loops\04_Loops.csproj", "{C6CCFDC4-1800-4FF2-BE53-4824985231E0}"
EndProject
Project("{FAE04EC0-301F-11D3-BF4B-00C04F79EFBC}") = "05_Classes", "05_Classes\05_Classes.csproj", "{76E489B1-3475-47B1-AE03-1210EED7E499}"
EndProject
Project("{FAE04EC0-301F-11D3-BF4B-00C04F79EFBC}") = "06_StreamingContent_Tests", "06_StreamingContent_Tests\06_StreamingContent_Tests.csproj", "{244846F4-B3E4-434B-9014-C5A63BC43F6E}"
EndProject
Project("{FAE04EC0-301F-11D3-BF4B-00C04F79EFBC}") = "06_StreamingContent_Console", "06_StreamingContent_Console\06_StreamingContent_Console.csproj", "{193B2DB8-88FE-4C03-86DF-8BA342DFA6C4}"
EndProject
Project("{FAE04EC0-301F-11D3-BF4B-00C04F79EFBC}") = "06_StreamingContent_Repository", "06_StreamingContent_Repository\06_StreamingContent_Repository.csproj", "{822A6D56-6B4C-4A29-B47C-01E50F0D60B1}"
EndProject
Project("{FAE04EC0-301F-11D3-BF4B-00C04F79EFBC}") = "07_Inheritence", "07_Inheritence\07_Inheritence.csproj", "{39E61123-A67C-4FE1-B7D5-772C12537048}"
EndProject
Project("{FAE04EC0-301F-11D3-BF4B-00C04F79EFBC}") = "08_Interfaces", "08_Interfaces\08_Interfaces.csproj", "{8FFE6C4F-E2FF-44E5-8469-810A62EAE611}"
EndProject
Project("{FAE04EC0-301F-11D3-BF4B-00C04F79EFBC}") = "09_APIs", "09_APIs\09_APIs.csproj", "{0B2C0B27-391E-49D8-A3BE-AC46C28D8011}"
EndProject
Global
	GlobalSection(SolutionConfigurationPlatforms) = preSolution
		Debug|Any CPU = Debug|Any CPU
		Release|Any CPU = Release|Any CPU
	EndGlobalSection
	GlobalSection(ProjectConfigurationPlatforms) = postSolution
		{8E6A1701-F8E1-4566-A878-E15B48F74A95}.Debug|Any CPU.ActiveCfg = Debug|Any CPU
		{8E6A1701-F8E1-4566-A878-E15B48F74A95}.Debug|Any CPU.Build.0 = Debug|Any CPU
		{8E6A1701-F8E1-4566-A878-E15B48F74A95}.Release|Any CPU.ActiveCfg = Release|Any CPU
		{8E6A1701-F8E1-4566-A878-E15B48F74A95}.Release|Any CPU.Build.0 = Release|Any CPU
		{84EE4A5B-39EE-48B6-9CE9-2C2AB975652C}.Debug|Any CPU.ActiveCfg = Debug|Any CPU
		{84EE4A5B-39EE-48B6-9CE9-2C2AB975652C}.Debug|Any CPU.Build.0 = Debug|Any CPU
		{84EE4A5B-39EE-48B6-9CE9-2C2AB975652C}.Release|Any CPU.ActiveCfg = Release|Any CPU
		{84EE4A5B-39EE-48B6-9CE9-2C2AB975652C}.Release|Any CPU.Build.0 = Release|Any CPU
		{1208A151-E9F8-4D77-9470-E75388C377D2}.Debug|Any CPU.ActiveCfg = Debug|Any CPU
		{1208A151-E9F8-4D77-9470-E75388C377D2}.Debug|Any CPU.Build.0 = Debug|Any CPU
		{1208A151-E9F8-4D77-9470-E75388C377D2}.Release|Any CPU.ActiveCfg = Release|Any CPU
		{1208A151-E9F8-4D77-9470-E75388C377D2}.Release|Any CPU.Build.0 = Release|Any CPU
		{C6CCFDC4-1800-4FF2-BE53-4824985231E0}.Debug|Any CPU.ActiveCfg = Debug|Any CPU
		{C6CCFDC4-1800-4FF2-BE53-4824985231E0}.Debug|Any CPU.Build.0 = Debug|Any CPU
		{C6CCFDC4-1800-4FF2-BE53-4824985231E0}.Release|Any CPU.ActiveCfg = Release|Any CPU
		{C6CCFDC4-1800-4FF2-BE53-4824985231E0}.Release|Any CPU.Build.0 = Release|Any CPU
		{76E489B1-3475-47B1-AE03-1210EED7E499}.Debug|Any CPU.ActiveCfg = Debug|Any CPU
		{76E489B1-3475-47B1-AE03-1210EED7E499}.Debug|Any CPU.Build.0 = Debug|Any CPU
		{76E489B1-3475-47B1-AE03-1210EED7E499}.Release|Any CPU.ActiveCfg = Release|Any CPU
		{76E489B1-3475-47B1-AE03-1210EED7E499}.Release|Any CPU.Build.0 = Release|Any CPU
		{244846F4-B3E4-434B-9014-C5A63BC43F6E}.Debug|Any CPU.ActiveCfg = Debug|Any CPU
		{244846F4-B3E4-434B-9014-C5A63BC43F6E}.Debug|Any CPU.Build.0 = Debug|Any CPU
		{244846F4-B3E4-434B-9014-C5A63BC43F6E}.Release|Any CPU.ActiveCfg = Release|Any CPU
		{244846F4-B3E4-434B-9014-C5A63BC43F6E}.Release|Any CPU.Build.0 = Release|Any CPU
		{193B2DB8-88FE-4C03-86DF-8BA342DFA6C4}.Debug|Any CPU.ActiveCfg = Debug|Any CPU
		{193B2DB8-88FE-4C03-86DF-8BA342DFA6C4}.Debug|Any CPU.Build.0 = Debug|Any CPU
		{193B2DB8-88FE-4C03-86DF-8BA342DFA6C4}.Release|Any CPU.ActiveCfg = Release|Any CPU
		{193B2DB8-88FE-4C03-86DF-8BA342DFA6C4}.Release|Any CPU.Build.0 = Release|Any CPU
		{822A6D56-6B4C-4A29-B47C-01E50F0D60B1}.Debug|Any CPU.ActiveCfg = Debug|Any CPU
		{822A6D56-6B4C-4A29-B47C-01E50F0D60B1}.Debug|Any CPU.Build.0 = Debug|Any CPU
		{822A6D56-6B4C-4A29-B47C-01E50F0D60B1}.Release|Any CPU.ActiveCfg = Release|Any CPU
		{822A6D56-6B4C-4A29-B47C-01E50F0D60B1}.Release|Any CPU.Build.0 = Release|Any CPU
		{39E61123-A67C-4FE1-B7D5-772C12537048}.Debug|Any CPU.ActiveCfg = Debug|Any CPU
		{39E61123-A67C-4FE1-B7D5-772C12537048}.Debug|Any CPU.Build.0 = Debug|Any CPU
		{39E61123-A67C-4FE1-B7D5-772C12537048}.Release|Any CPU.ActiveCfg = Release|Any CPU
		{39E61123-A67C-4FE1-B7D5-772C12537048}.Release|Any CPU.Build.0 = Release|Any CPU
		{8FFE6C4F-E2FF-44E5-8469-810A62EAE611}.Debug|Any CPU.ActiveCfg = Debug|Any CPU
		{8FFE6C4F-E2FF-44E5-8469-810A62EAE611}.Debug|Any CPU.Build.0 = Debug|Any CPU
		{8FFE6C4F-E2FF-44E5-8469-810A62EAE611}.Release|Any CPU.ActiveCfg = Release|Any CPU
		{8FFE6C4F-E2FF-44E5-8469-810A62EAE611}.Release|Any CPU.Build.0 = Release|Any CPU
		{0B2C0B27-391E-49D8-A3BE-AC46C28D8011}.Debug|Any CPU.ActiveCfg = Debug|Any CPU
		{0B2C0B27-391E-49D8-A3BE-AC46C28D8011}.Debug|Any CPU.Build.0 = Debug|Any CPU
		{0B2C0B27-391E-49D8-A3BE-AC46C28D8011}.Release|Any CPU.ActiveCfg = Release|Any CPU
		{0B2C0B27-391E-49D8-A3BE-AC46C28D8011}.Release|Any CPU.Build.0 = Release|Any CPU
	EndGlobalSection
	GlobalSection(SolutionProperties) = preSolution
		HideSolutionNode = FALSE
	EndGlobalSection
	GlobalSection(ExtensibilityGlobals) = postSolution
		SolutionGuid = {DB4B0E2D-484E-4900-9B8B-32AA19AC5979}
	EndGlobalSection
EndGlobal
